
Microsoft Visual Studio Solution File, Format Version 12.00
# Visual Studio 15
VisualStudioVersion = 15.0.26124.0
MinimumVisualStudioVersion = 15.0.26124.0
Project("{FAE04EC0-301F-11D3-BF4B-00C04F79EFBC}") = "SampleApp", "SampleApp\SampleApp.csproj", "{CCCF8121-7835-461E-8E50-1EF7198AE046}"
EndProject
Project("{FAE04EC0-301F-11D3-BF4B-00C04F79EFBC}") = "aspnetcoretest", "SampleApp.Test\aspnetcoretest.csproj", "{78EFBDBD-A637-459E-AA76-5AD86CAD5919}"
EndProject
Global
	GlobalSection(SolutionConfigurationPlatforms) = preSolution
		Debug|Any CPU = Debug|Any CPU
		Debug|x64 = Debug|x64
		Debug|x86 = Debug|x86
		Release|Any CPU = Release|Any CPU
		Release|x64 = Release|x64
		Release|x86 = Release|x86
	EndGlobalSection
	GlobalSection(SolutionProperties) = preSolution
		HideSolutionNode = FALSE
	EndGlobalSection
	GlobalSection(ProjectConfigurationPlatforms) = postSolution
		{CCCF8121-7835-461E-8E50-1EF7198AE046}.Debug|Any CPU.ActiveCfg = Debug|Any CPU
		{CCCF8121-7835-461E-8E50-1EF7198AE046}.Debug|Any CPU.Build.0 = Debug|Any CPU
		{CCCF8121-7835-461E-8E50-1EF7198AE046}.Debug|x64.ActiveCfg = Debug|Any CPU
		{CCCF8121-7835-461E-8E50-1EF7198AE046}.Debug|x64.Build.0 = Debug|Any CPU
		{CCCF8121-7835-461E-8E50-1EF7198AE046}.Debug|x86.ActiveCfg = Debug|Any CPU
		{CCCF8121-7835-461E-8E50-1EF7198AE046}.Debug|x86.Build.0 = Debug|Any CPU
		{CCCF8121-7835-461E-8E50-1EF7198AE046}.Release|Any CPU.ActiveCfg = Release|Any CPU
		{CCCF8121-7835-461E-8E50-1EF7198AE046}.Release|Any CPU.Build.0 = Release|Any CPU
		{CCCF8121-7835-461E-8E50-1EF7198AE046}.Release|x64.ActiveCfg = Release|Any CPU
		{CCCF8121-7835-461E-8E50-1EF7198AE046}.Release|x64.Build.0 = Release|Any CPU
		{CCCF8121-7835-461E-8E50-1EF7198AE046}.Release|x86.ActiveCfg = Release|Any CPU
		{CCCF8121-7835-461E-8E50-1EF7198AE046}.Release|x86.Build.0 = Release|Any CPU
		{78EFBDBD-A637-459E-AA76-5AD86CAD5919}.Debug|Any CPU.ActiveCfg = Debug|Any CPU
		{78EFBDBD-A637-459E-AA76-5AD86CAD5919}.Debug|Any CPU.Build.0 = Debug|Any CPU
		{78EFBDBD-A637-459E-AA76-5AD86CAD5919}.Debug|x64.ActiveCfg = Debug|Any CPU
		{78EFBDBD-A637-459E-AA76-5AD86CAD5919}.Debug|x64.Build.0 = Debug|Any CPU
		{78EFBDBD-A637-459E-AA76-5AD86CAD5919}.Debug|x86.ActiveCfg = Debug|Any CPU
		{78EFBDBD-A637-459E-AA76-5AD86CAD5919}.Debug|x86.Build.0 = Debug|Any CPU
		{78EFBDBD-A637-459E-AA76-5AD86CAD5919}.Release|Any CPU.ActiveCfg = Release|Any CPU
		{78EFBDBD-A637-459E-AA76-5AD86CAD5919}.Release|Any CPU.Build.0 = Release|Any CPU
		{78EFBDBD-A637-459E-AA76-5AD86CAD5919}.Release|x64.ActiveCfg = Release|Any CPU
		{78EFBDBD-A637-459E-AA76-5AD86CAD5919}.Release|x64.Build.0 = Release|Any CPU
		{78EFBDBD-A637-459E-AA76-5AD86CAD5919}.Release|x86.ActiveCfg = Release|Any CPU
		{78EFBDBD-A637-459E-AA76-5AD86CAD5919}.Release|x86.Build.0 = Release|Any CPU
	EndGlobalSection
EndGlobal
